
Microsoft Visual Studio Solution File, Format Version 12.00
# Visual Studio Version 17
VisualStudioVersion = 17.9.34701.34
MinimumVisualStudioVersion = 10.0.40219.1
Project("{8BC9CEB8-8B4A-11D0-8D11-00A0C91BC942}") = "лаб5", "лаб5\лаб5.vcxproj", "{112F2239-A0BD-4B25-96FD-80B797C9F54D}"
EndProject
Project("{8BC9CEB8-8B4A-11D0-8D11-00A0C91BC942}") = "лаб5.2", "лаб5.2\лаб5.2.vcxproj", "{E76EAD9A-8869-4CAC-A3FE-11B0C3DAD098}"
EndProject
Project("{8BC9CEB8-8B4A-11D0-8D11-00A0C91BC942}") = "лаб5.3", "лаб5.3\лаб5.3.vcxproj", "{E5341C66-B446-440A-B50C-8D123AC1A95D}"
EndProject
Project("{8BC9CEB8-8B4A-11D0-8D11-00A0C91BC942}") = "лаб5.4", "лаб5.4\лаб5.4.vcxproj", "{986982CC-5987-4FF7-98C5-367E93A44B7E}"
EndProject
Project("{8BC9CEB8-8B4A-11D0-8D11-00A0C91BC942}") = "лаб5.5.5.5.5", "лаб5.5.5.5.5\лаб5.5.5.5.5.vcxproj", "{C358624F-772D-4009-82D4-0E47EDC9EEA5}"
EndProject
Global
	GlobalSection(SolutionConfigurationPlatforms) = preSolution
		Debug|x64 = Debug|x64
		Debug|x86 = Debug|x86
		Release|x64 = Release|x64
		Release|x86 = Release|x86
	EndGlobalSection
	GlobalSection(ProjectConfigurationPlatforms) = postSolution
		{112F2239-A0BD-4B25-96FD-80B797C9F54D}.Debug|x64.ActiveCfg = Debug|x64
		{112F2239-A0BD-4B25-96FD-80B797C9F54D}.Debug|x64.Build.0 = Debug|x64
		{112F2239-A0BD-4B25-96FD-80B797C9F54D}.Debug|x86.ActiveCfg = Debug|Win32
		{112F2239-A0BD-4B25-96FD-80B797C9F54D}.Debug|x86.Build.0 = Debug|Win32
		{112F2239-A0BD-4B25-96FD-80B797C9F54D}.Release|x64.ActiveCfg = Release|x64
		{112F2239-A0BD-4B25-96FD-80B797C9F54D}.Release|x64.Build.0 = Release|x64
		{112F2239-A0BD-4B25-96FD-80B797C9F54D}.Release|x86.ActiveCfg = Release|Win32
		{112F2239-A0BD-4B25-96FD-80B797C9F54D}.Release|x86.Build.0 = Release|Win32
		{E76EAD9A-8869-4CAC-A3FE-11B0C3DAD098}.Debug|x64.ActiveCfg = Debug|x64
		{E76EAD9A-8869-4CAC-A3FE-11B0C3DAD098}.Debug|x64.Build.0 = Debug|x64
		{E76EAD9A-8869-4CAC-A3FE-11B0C3DAD098}.Debug|x86.ActiveCfg = Debug|Win32
		{E76EAD9A-8869-4CAC-A3FE-11B0C3DAD098}.Debug|x86.Build.0 = Debug|Win32
		{E76EAD9A-8869-4CAC-A3FE-11B0C3DAD098}.Release|x64.ActiveCfg = Release|x64
		{E76EAD9A-8869-4CAC-A3FE-11B0C3DAD098}.Release|x64.Build.0 = Release|x64
		{E76EAD9A-8869-4CAC-A3FE-11B0C3DAD098}.Release|x86.ActiveCfg = Release|Win32
		{E76EAD9A-8869-4CAC-A3FE-11B0C3DAD098}.Release|x86.Build.0 = Release|Win32
		{E5341C66-B446-440A-B50C-8D123AC1A95D}.Debug|x64.ActiveCfg = Debug|x64
		{E5341C66-B446-440A-B50C-8D123AC1A95D}.Debug|x64.Build.0 = Debug|x64
		{E5341C66-B446-440A-B50C-8D123AC1A95D}.Debug|x86.ActiveCfg = Debug|Win32
		{E5341C66-B446-440A-B50C-8D123AC1A95D}.Debug|x86.Build.0 = Debug|Win32
		{E5341C66-B446-440A-B50C-8D123AC1A95D}.Release|x64.ActiveCfg = Release|x64
		{E5341C66-B446-440A-B50C-8D123AC1A95D}.Release|x64.Build.0 = Release|x64
		{E5341C66-B446-440A-B50C-8D123AC1A95D}.Release|x86.ActiveCfg = Release|Win32
		{E5341C66-B446-440A-B50C-8D123AC1A95D}.Release|x86.Build.0 = Release|Win32
		{986982CC-5987-4FF7-98C5-367E93A44B7E}.Debug|x64.ActiveCfg = Debug|x64
		{986982CC-5987-4FF7-98C5-367E93A44B7E}.Debug|x64.Build.0 = Debug|x64
		{986982CC-5987-4FF7-98C5-367E93A44B7E}.Debug|x86.ActiveCfg = Debug|Win32
		{986982CC-5987-4FF7-98C5-367E93A44B7E}.Debug|x86.Build.0 = Debug|Win32
		{986982CC-5987-4FF7-98C5-367E93A44B7E}.Release|x64.ActiveCfg = Release|x64
		{986982CC-5987-4FF7-98C5-367E93A44B7E}.Release|x64.Build.0 = Release|x64
		{986982CC-5987-4FF7-98C5-367E93A44B7E}.Release|x86.ActiveCfg = Release|Win32
		{986982CC-5987-4FF7-98C5-367E93A44B7E}.Release|x86.Build.0 = Release|Win32
		{C358624F-772D-4009-82D4-0E47EDC9EEA5}.Debug|x64.ActiveCfg = Debug|x64
		{C358624F-772D-4009-82D4-0E47EDC9EEA5}.Debug|x64.Build.0 = Debug|x64
		{C358624F-772D-4009-82D4-0E47EDC9EEA5}.Debug|x86.ActiveCfg = Debug|Win32
		{C358624F-772D-4009-82D4-0E47EDC9EEA5}.Debug|x86.Build.0 = Debug|Win32
		{C358624F-772D-4009-82D4-0E47EDC9EEA5}.Release|x64.ActiveCfg = Release|x64
		{C358624F-772D-4009-82D4-0E47EDC9EEA5}.Release|x64.Build.0 = Release|x64
		{C358624F-772D-4009-82D4-0E47EDC9EEA5}.Release|x86.ActiveCfg = Release|Win32
		{C358624F-772D-4009-82D4-0E47EDC9EEA5}.Release|x86.Build.0 = Release|Win32
	EndGlobalSection
	GlobalSection(SolutionProperties) = preSolution
		HideSolutionNode = FALSE
	EndGlobalSection
	GlobalSection(ExtensibilityGlobals) = postSolution
		SolutionGuid = {840260BC-C2E8-4042-9A1E-DEF3F0377214}
	EndGlobalSection
EndGlobal
